
Microsoft Visual Studio Solution File, Format Version 12.00
# Visual Studio Version 16
VisualStudioVersion = 16.0.31005.135
MinimumVisualStudioVersion = 15.0.26124.0
Project("{9A19103F-16F7-4668-BE54-9A1E7A4F7556}") = "API", "API.csproj", "{3EE6AB17-AD5A-4EAE-974D-FF97DD1CFF32}"
EndProject
Project("{9A19103F-16F7-4668-BE54-9A1E7A4F7556}") = "Api.Base", "..\Api.Base\Api.Base.csproj", "{DCF6E371-BF51-49EB-AB50-A98CFE7EC1FE}"
EndProject
Global
	GlobalSection(SolutionConfigurationPlatforms) = preSolution
		Debug|Any CPU = Debug|Any CPU
		Debug|x64 = Debug|x64
		Debug|x86 = Debug|x86
		Release|Any CPU = Release|Any CPU
		Release|x64 = Release|x64
		Release|x86 = Release|x86
	EndGlobalSection
	GlobalSection(ProjectConfigurationPlatforms) = postSolution
		{3EE6AB17-AD5A-4EAE-974D-FF97DD1CFF32}.Debug|Any CPU.ActiveCfg = Debug|Any CPU
		{3EE6AB17-AD5A-4EAE-974D-FF97DD1CFF32}.Debug|Any CPU.Build.0 = Debug|Any CPU
		{3EE6AB17-AD5A-4EAE-974D-FF97DD1CFF32}.Debug|x64.ActiveCfg = Debug|Any CPU
		{3EE6AB17-AD5A-4EAE-974D-FF97DD1CFF32}.Debug|x64.Build.0 = Debug|Any CPU
		{3EE6AB17-AD5A-4EAE-974D-FF97DD1CFF32}.Debug|x86.ActiveCfg = Debug|Any CPU
		{3EE6AB17-AD5A-4EAE-974D-FF97DD1CFF32}.Debug|x86.Build.0 = Debug|Any CPU
		{3EE6AB17-AD5A-4EAE-974D-FF97DD1CFF32}.Release|Any CPU.ActiveCfg = Release|Any CPU
		{3EE6AB17-AD5A-4EAE-974D-FF97DD1CFF32}.Release|Any CPU.Build.0 = Release|Any CPU
		{3EE6AB17-AD5A-4EAE-974D-FF97DD1CFF32}.Release|x64.ActiveCfg = Release|Any CPU
		{3EE6AB17-AD5A-4EAE-974D-FF97DD1CFF32}.Release|x64.Build.0 = Release|Any CPU
		{3EE6AB17-AD5A-4EAE-974D-FF97DD1CFF32}.Release|x86.ActiveCfg = Release|Any CPU
		{3EE6AB17-AD5A-4EAE-974D-FF97DD1CFF32}.Release|x86.Build.0 = Release|Any CPU
		{DCF6E371-BF51-49EB-AB50-A98CFE7EC1FE}.Debug|Any CPU.ActiveCfg = Debug|Any CPU
		{DCF6E371-BF51-49EB-AB50-A98CFE7EC1FE}.Debug|Any CPU.Build.0 = Debug|Any CPU
		{DCF6E371-BF51-49EB-AB50-A98CFE7EC1FE}.Debug|x64.ActiveCfg = Debug|Any CPU
		{DCF6E371-BF51-49EB-AB50-A98CFE7EC1FE}.Debug|x64.Build.0 = Debug|Any CPU
		{DCF6E371-BF51-49EB-AB50-A98CFE7EC1FE}.Debug|x86.ActiveCfg = Debug|Any CPU
		{DCF6E371-BF51-49EB-AB50-A98CFE7EC1FE}.Debug|x86.Build.0 = Debug|Any CPU
		{DCF6E371-BF51-49EB-AB50-A98CFE7EC1FE}.Release|Any CPU.ActiveCfg = Release|Any CPU
		{DCF6E371-BF51-49EB-AB50-A98CFE7EC1FE}.Release|Any CPU.Build.0 = Release|Any CPU
		{DCF6E371-BF51-49EB-AB50-A98CFE7EC1FE}.Release|x64.ActiveCfg = Release|Any CPU
		{DCF6E371-BF51-49EB-AB50-A98CFE7EC1FE}.Release|x64.Build.0 = Release|Any CPU
		{DCF6E371-BF51-49EB-AB50-A98CFE7EC1FE}.Release|x86.ActiveCfg = Release|Any CPU
		{DCF6E371-BF51-49EB-AB50-A98CFE7EC1FE}.Release|x86.Build.0 = Release|Any CPU
	EndGlobalSection
	GlobalSection(SolutionProperties) = preSolution
		HideSolutionNode = FALSE
	EndGlobalSection
	GlobalSection(ExtensibilityGlobals) = postSolution
		SolutionGuid = {005DEF13-29AF-4EE5-A474-8FD47AC8499C}
	EndGlobalSection
EndGlobal
